{
  "requires": true,
  "lockfileVersion": 1,
  "dependencies": {
    "stancorrey-palindrome": {
      "version": "0.1.0",
      "resolved": "https://registry.npmjs.org/stancorrey-palindrome/-/stancorrey-palindrome-0.1.0.tgz",
      "integrity": "sha512-ECTgNJ6TiRbzx5mJUhFiKpRgChDua3UuHEHrpkn81tyPI1C65vMcVaL/jBIxJTZ9OTxYQExElozGnRK6fOlaNg=="
    }
  }
}
